// !$*UTF8*$!
{
	archiveVersion = 1;
	classes = {
	};
	objectVersion = 50;
	objects = {

/* Begin PBXBuildFile section */
		B8D288D625B9CD1100ADEFA7 /* StatisticApp.swift in Sources */ = {isa = PBXBuildFile; fileRef = B8D288D525B9CD1100ADEFA7 /* StatisticApp.swift */; };
		B8D288D825B9CD1100ADEFA7 /* ContentView.swift in Sources */ = {isa = PBXBuildFile; fileRef = B8D288D725B9CD1100ADEFA7 /* ContentView.swift */; };
		B8D288DA25B9CD1600ADEFA7 /* Assets.xcassets in Resources */ = {isa = PBXBuildFile; fileRef = B8D288D925B9CD1600ADEFA7 /* Assets.xcassets */; };
		B8D288DD25B9CD1600ADEFA7 /* Preview Assets.xcassets in Resources */ = {isa = PBXBuildFile; fileRef = B8D288DC25B9CD1600ADEFA7 /* Preview Assets.xcassets */; };
		B8D288DF25B9CD1600ADEFA7 /* Persistence.swift in Sources */ = {isa = PBXBuildFile; fileRef = B8D288DE25B9CD1600ADEFA7 /* Persistence.swift */; };
		B8D288E225B9CD1600ADEFA7 /* Statistic.xcdatamodeld in Sources */ = {isa = PBXBuildFile; fileRef = B8D288E025B9CD1600ADEFA7 /* Statistic.xcdatamodeld */; };
/* End PBXBuildFile section */

/* Begin PBXFileReference section */
		B8D288D225B9CD1100ADEFA7 /* Statistic.app */ = {isa = PBXFileReference; explicitFileType = wrapper.application; includeInIndex = 0; path = Statistic.app; sourceTree = BUILT_PRODUCTS_DIR; };
		B8D288D525B9CD1100ADEFA7 /* StatisticApp.swift */ = {isa = PBXFileReference; lastKnownFileType = sourcecode.swift; path = StatisticApp.swift; sourceTree = "<group>"; };
		B8D288D725B9CD1100ADEFA7 /* ContentView.swift */ = {isa = PBXFileReference; lastKnownFileType = sourcecode.swift; path = ContentView.swift; sourceTree = "<group>"; };
		B8D288D925B9CD1600ADEFA7 /* Assets.xcassets */ = {isa = PBXFileReference; lastKnownFileType = folder.assetcatalog; path = Assets.xcassets; sourceTree = "<group>"; };
		B8D288DC25B9CD1600ADEFA7 /* Preview Assets.xcassets */ = {isa = PBXFileReference; lastKnownFileType = folder.assetcatalog; path = "Preview Assets.xcassets"; sourceTree = "<group>"; };
		B8D288DE25B9CD1600ADEFA7 /* Persistence.swift */ = {isa = PBXFileReference; lastKnownFileType = sourcecode.swift; path = Persistence.swift; sourceTree = "<group>"; };
		B8D288E125B9CD1600ADEFA7 /* Statistic.xcdatamodel */ = {isa = PBXFileReference; lastKnownFileType = wrapper.xcdatamodel; path = Statistic.xcdatamodel; sourceTree = "<group>"; };
		B8D288E325B9CD1600ADEFA7 /* Info.plist */ = {isa = PBXFileReference; lastKnownFileType = text.plist.xml; path = Info.plist; sourceTree = "<group>"; };
/* End PBXFileReference section */

/* Begin PBXFrameworksBuildPhase section */
		B8D288CF25B9CD1100ADEFA7 /* Frameworks */ = {
			isa = PBXFrameworksBuildPhase;
			buildActionMask = 2147483647;
			files = (
			);
			runOnlyForDeploymentPostprocessing = 0;
		};
/* End PBXFrameworksBuildPhase section */

/* Begin PBXGroup section */
		B8D288C925B9CD1100ADEFA7 = {
			isa = PBXGroup;
			children = (
				B8D288D425B9CD1100ADEFA7 /* Statistic */,
				B8D288D325B9CD1100ADEFA7 /* Products */,
			);
			sourceTree = "<group>";
		};
		B8D288D325B9CD1100ADEFA7 /* Products */ = {
			isa = PBXGroup;
			children = (
				B8D288D225B9CD1100ADEFA7 /* Statistic.app */,
			);
			name = Products;
			sourceTree = "<group>";
		};
		B8D288D425B9CD1100ADEFA7 /* Statistic */ = {
			isa = PBXGroup;
			children = (
				B8D288D525B9CD1100ADEFA7 /* StatisticApp.swift */,
				B8D288D725B9CD1100ADEFA7 /* ContentView.swift */,
				B8D288D925B9CD1600ADEFA7 /* Assets.xcassets */,
				B8D288DE25B9CD1600ADEFA7 /* Persistence.swift */,
				B8D288E325B9CD1600ADEFA7 /* Info.plist */,
				B8D288E025B9CD1600ADEFA7 /* Statistic.xcdatamodeld */,
				B8D288DB25B9CD1600ADEFA7 /* Preview Content */,
			);
			path = Statistic;
			sourceTree = "<group>";
		};
		B8D288DB25B9CD1600ADEFA7 /* Preview Content */ = {
			isa = PBXGroup;
			children = (
				B8D288DC25B9CD1600ADEFA7 /* Preview Assets.xcassets */,
			);
			path = "Preview Content";
			sourceTree = "<group>";
		};
/* End PBXGroup section */

/* Begin PBXNativeTarget section */
		B8D288D125B9CD1100ADEFA7 /* Statistic */ = {
			isa = PBXNativeTarget;
			buildConfigurationList = B8D288E625B9CD1600ADEFA7 /* Build configuration list for PBXNativeTarget "Statistic" */;
			buildPhases = (
				B8D288CE25B9CD1100ADEFA7 /* Sources */,
				B8D288CF25B9CD1100ADEFA7 /* Frameworks */,
				B8D288D025B9CD1100ADEFA7 /* Resources */,
			);
			buildRules = (
			);
			dependencies = (
			);
			name = Statistic;
			productName = Statistic;
			productReference = B8D288D225B9CD1100ADEFA7 /* Statistic.app */;
			productType = "com.apple.product-type.application";
		};
/* End PBXNativeTarget section */

/* Begin PBXProject section */
		B8D288CA25B9CD1100ADEFA7 /* Project object */ = {
			isa = PBXProject;
			attributes = {
				LastSwiftUpdateCheck = 1220;
				LastUpgradeCheck = 1220;
				TargetAttributes = {
					B8D288D125B9CD1100ADEFA7 = {
						CreatedOnToolsVersion = 12.2;
					};
				};
			};
			buildConfigurationList = B8D288CD25B9CD1100ADEFA7 /* Build configuration list for PBXProject "Statistic" */;
			compatibilityVersion = "Xcode 9.3";
			developmentRegion = en;
			hasScannedForEncodings = 0;
			knownRegions = (
				en,
				Base,
			);
			mainGroup = B8D288C925B9CD1100ADEFA7;
			productRefGroup = B8D288D325B9CD1100ADEFA7 /* Products */;
			projectDirPath = "";
			projectRoot = "";
			targets = (
				B8D288D125B9CD1100ADEFA7 /* Statistic */,
			);
		};
/* End PBXProject section */

/* Begin PBXResourcesBuildPhase section */
		B8D288D025B9CD1100ADEFA7 /* Resources */ = {
			isa = PBXResourcesBuildPhase;
			buildActionMask = 2147483647;
			files = (
				B8D288DD25B9CD1600ADEFA7 /* Preview Assets.xcassets in Resources */,
				B8D288DA25B9CD1600ADEFA7 /* Assets.xcassets in Resources */,
			);
			runOnlyForDeploymentPostprocessing = 0;
		};
/* End PBXResourcesBuildPhase section */

/* Begin PBXSourcesBuildPhase section */
		B8D288CE25B9CD1100ADEFA7 /* Sources */ = {
			isa = PBXSourcesBuildPhase;
			buildActionMask = 2147483647;
			files = (
				B8D288DF25B9CD1600ADEFA7 /* Persistence.swift in Sources */,
				B8D288D825B9CD1100ADEFA7 /* ContentView.swift in Sources */,
				B8D288E225B9CD1600ADEFA7 /* Statistic.xcdatamodeld in Sources */,
				B8D288D625B9CD1100ADEFA7 /* StatisticApp.swift in Sources */,
			);
			runOnlyForDeploymentPostprocessing = 0;
		};
/* End PBXSourcesBuildPhase section */

/* Begin XCBuildConfiguration section */
		B8D288E425B9CD1600ADEFA7 /* Debug */ = {
			isa = XCBuildConfiguration;
			buildSettings = {
				ALWAYS_SEARCH_USER_PATHS = NO;
				CLANG_ANALYZER_NONNULL = YES;
				CLANG_ANALYZER_NUMBER_OBJECT_CONVERSION = YES_AGGRESSIVE;
				CLANG_CXX_LANGUAGE_STANDARD = "gnu++14";
				CLANG_CXX_LIBRARY = "libc++";
				CLANG_ENABLE_MODULES = YES;
				CLANG_ENABLE_OBJC_ARC = YES;
				CLANG_ENABLE_OBJC_WEAK = YES;
				CLANG_WARN_BLOCK_CAPTURE_AUTORELEASING = YES;
				CLANG_WARN_BOOL_CONVERSION = YES;
				CLANG_WARN_COMMA = YES;
				CLANG_WARN_CONSTANT_CONVERSION = YES;
				CLANG_WARN_DEPRECATED_OBJC_IMPLEMENTATIONS = YES;
				CLANG_WARN_DIRECT_OBJC_ISA_USAGE = YES_ERROR;
				CLANG_WARN_DOCUMENTATION_COMMENTS = YES;
				CLANG_WARN_EMPTY_BODY = YES;
				CLANG_WARN_ENUM_CONVERSION = YES;
				CLANG_WARN_INFINITE_RECURSION = YES;
				CLANG_WARN_INT_CONVERSION = YES;
				CLANG_WARN_NON_LITERAL_NULL_CONVERSION = YES;
				CLANG_WARN_OBJC_IMPLICIT_RETAIN_SELF = YES;
				CLANG_WARN_OBJC_LITERAL_CONVERSION = YES;
				CLANG_WARN_OBJC_ROOT_CLASS = YES_ERROR;
				CLANG_WARN_QUOTED_INCLUDE_IN_FRAMEWORK_HEADER = YES;
				CLANG_WARN_RANGE_LOOP_ANALYSIS = YES;
				CLANG_WARN_STRICT_PROTOTYPES = YES;
				CLANG_WARN_SUSPICIOUS_MOVE = YES;
				CLANG_WARN_UNGUARDED_AVAILABILITY = YES_AGGRESSIVE;
				CLANG_WARN_UNREACHABLE_CODE = YES;
				CLANG_WARN__DUPLICATE_METHOD_MATCH = YES;
				COPY_PHASE_STRIP = NO;
				DEBUG_INFORMATION_FORMAT = dwarf;
				ENABLE_STRICT_OBJC_MSGSEND = YES;
				ENABLE_TESTABILITY = YES;
				GCC_C_LANGUAGE_STANDARD = gnu11;
				GCC_DYNAMIC_NO_PIC = NO;
				GCC_NO_COMMON_BLOCKS = YES;
				GCC_OPTIMIZATION_LEVEL = 0;
				GCC_PREPROCESSOR_DEFINITIONS = (
					"DEBUG=1",
					"$(inherited)",
				);
				GCC_WARN_64_TO_32_BIT_CONVERSION = YES;
				GCC_WARN_ABOUT_RETURN_TYPE = YES_ERROR;
				GCC_WARN_UNDECLARED_SELECTOR = YES;
				GCC_WARN_UNINITIALIZED_AUTOS = YES_AGGRESSIVE;
				GCC_WARN_UNUSED_FUNCTION = YES;
				GCC_WARN_UNUSED_VARIABLE = YES;
				IPHONEOS_DEPLOYMENT_TARGET = 14.2;
				MTL_ENABLE_DEBUG_INFO = INCLUDE_SOURCE;
				MTL_FAST_MATH = YES;
				ONLY_ACTIVE_ARCH = YES;
				SDKROOT = iphoneos;
				SWIFT_ACTIVE_COMPILATION_CONDITIONS = DEBUG;
				SWIFT_OPTIMIZATION_LEVEL = "-Onone";
			};
			name = Debug;
		};
		B8D288E525B9CD1600ADEFA7 /* Release */ = {
			isa = XCBuildConfiguration;
			buildSettings = {
				ALWAYS_SEARCH_USER_PATHS = NO;
				CLANG_ANALYZER_NONNULL = YES;
				CLANG_ANALYZER_NUMBER_OBJECT_CONVERSION = YES_AGGRESSIVE;
				CLANG_CXX_LANGUAGE_STANDARD = "gnu++14";
				CLANG_CXX_LIBRARY = "libc++";
				CLANG_ENABLE_MODULES = YES;
				CLANG_ENABLE_OBJC_ARC = YES;
				CLANG_ENABLE_OBJC_WEAK = YES;
				CLANG_WARN_BLOCK_CAPTURE_AUTORELEASING = YES;
				CLANG_WARN_BOOL_CONVERSION = YES;
				CLANG_WARN_COMMA = YES;
				CLANG_WARN_CONSTANT_CONVERSION = YES;
				CLANG_WARN_DEPRECATED_OBJC_IMPLEMENTATIONS = YES;
				CLANG_WARN_DIRECT_OBJC_ISA_USAGE = YES_ERROR;
				CLANG_WARN_DOCUMENTATION_COMMENTS = YES;
				CLANG_WARN_EMPTY_BODY = YES;
				CLANG_WARN_ENUM_CONVERSION = YES;
				CLANG_WARN_INFINITE_RECURSION = YES;
				CLANG_WARN_INT_CONVERSION = YES;
				CLANG_WARN_NON_LITERAL_NULL_CONVERSION = YES;
				CLANG_WARN_OBJC_IMPLICIT_RETAIN_SELF = YES;
				CLANG_WARN_OBJC_LITERAL_CONVERSION = YES;
				CLANG_WARN_OBJC_ROOT_CLASS = YES_ERROR;
				CLANG_WARN_QUOTED_INCLUDE_IN_FRAMEWORK_HEADER = YES;
				CLANG_WARN_RANGE_LOOP_ANALYSIS = YES;
				CLANG_WARN_STRICT_PROTOTYPES = YES;
				CLANG_WARN_SUSPICIOUS_MOVE = YES;
				CLANG_WARN_UNGUARDED_AVAILABILITY = YES_AGGRESSIVE;
				CLANG_WARN_UNREACHABLE_CODE = YES;
				CLANG_WARN__DUPLICATE_METHOD_MATCH = YES;
				COPY_PHASE_STRIP = NO;
				DEBUG_INFORMATION_FORMAT = "dwarf-with-dsym";
				ENABLE_NS_ASSERTIONS = NO;
				ENABLE_STRICT_OBJC_MSGSEND = YES;
				GCC_C_LANGUAGE_STANDARD = gnu11;
				GCC_NO_COMMON_BLOCKS = YES;
				GCC_WARN_64_TO_32_BIT_CONVERSION = YES;
				GCC_WARN_ABOUT_RETURN_TYPE = YES_ERROR;
				GCC_WARN_UNDECLARED_SELECTOR = YES;
				GCC_WARN_UNINITIALIZED_AUTOS = YES_AGGRESSIVE;
				GCC_WARN_UNUSED_FUNCTION = YES;
				GCC_WARN_UNUSED_VARIABLE = YES;
				IPHONEOS_DEPLOYMENT_TARGET = 14.2;
				MTL_ENABLE_DEBUG_INFO = NO;
				MTL_FAST_MATH = YES;
				SDKROOT = iphoneos;
				SWIFT_COMPILATION_MODE = wholemodule;
				SWIFT_OPTIMIZATION_LEVEL = "-O";
				VALIDATE_PRODUCT = YES;
			};
			name = Release;
		};
		B8D288E725B9CD1600ADEFA7 /* Debug */ = {
			isa = XCBuildConfiguration;
			buildSettings = {
				ASSETCATALOG_COMPILER_APPICON_NAME = AppIcon;
				ASSETCATALOG_COMPILER_GLOBAL_ACCENT_COLOR_NAME = AccentColor;
				CODE_SIGN_STYLE = Automatic;
				DEVELOPMENT_ASSET_PATHS = "\"Statistic/Preview Content\"";
				DEVELOPMENT_TEAM = Z84YS9UCHT;
				ENABLE_PREVIEWS = YES;
				INFOPLIST_FILE = Statistic/Info.plist;
				IPHONEOS_DEPLOYMENT_TARGET = 14.0;
				LD_RUNPATH_SEARCH_PATHS = (
					"$(inherited)",
					"@executable_path/Frameworks",
				);
				PRODUCT_BUNDLE_IDENTIFIER = "Katrin-Mailyan.Statistic";
				PRODUCT_NAME = "$(TARGET_NAME)";
				SWIFT_VERSION = 5.0;
				TARGETED_DEVICE_FAMILY = "1,2";
			};
			name = Debug;
		};
		B8D288E825B9CD1600ADEFA7 /* Release */ = {
			isa = XCBuildConfiguration;
			buildSettings = {
				ASSETCATALOG_COMPILER_APPICON_NAME = AppIcon;
				ASSETCATALOG_COMPILER_GLOBAL_ACCENT_COLOR_NAME = AccentColor;
				CODE_SIGN_STYLE = Automatic;
				DEVELOPMENT_ASSET_PATHS = "\"Statistic/Preview Content\"";
				DEVELOPMENT_TEAM = Z84YS9UCHT;
				ENABLE_PREVIEWS = YES;
				INFOPLIST_FILE = Statistic/Info.plist;
				IPHONEOS_DEPLOYMENT_TARGET = 14.0;
				LD_RUNPATH_SEARCH_PATHS = (
					"$(inherited)",
					"@executable_path/Frameworks",
				);
				PRODUCT_BUNDLE_IDENTIFIER = "Katrin-Mailyan.Statistic";
				PRODUCT_NAME = "$(TARGET_NAME)";
				SWIFT_VERSION = 5.0;
				TARGETED_DEVICE_FAMILY = "1,2";
			};
			name = Release;
		};
/* End XCBuildConfiguration section */

/* Begin XCConfigurationList section */
		B8D288CD25B9CD1100ADEFA7 /* Build configuration list for PBXProject "Statistic" */ = {
			isa = XCConfigurationList;
			buildConfigurations = (
				B8D288E425B9CD1600ADEFA7 /* Debug */,
				B8D288E525B9CD1600ADEFA7 /* Release */,
			);
			defaultConfigurationIsVisible = 0;
			defaultConfigurationName = Release;
		};
		B8D288E625B9CD1600ADEFA7 /* Build configuration list for PBXNativeTarget "Statistic" */ = {
			isa = XCConfigurationList;
			buildConfigurations = (
				B8D288E725B9CD1600ADEFA7 /* Debug */,
				B8D288E825B9CD1600ADEFA7 /* Release */,
			);
			defaultConfigurationIsVisible = 0;
			defaultConfigurationName = Release;
		};
/* End XCConfigurationList section */

/* Begin XCVersionGroup section */
		B8D288E025B9CD1600ADEFA7 /* Statistic.xcdatamodeld */ = {
			isa = XCVersionGroup;
			children = (
				B8D288E125B9CD1600ADEFA7 /* Statistic.xcdatamodel */,
			);
			currentVersion = B8D288E125B9CD1600ADEFA7 /* Statistic.xcdatamodel */;
			path = Statistic.xcdatamodeld;
			sourceTree = "<group>";
			versionGroupType = wrapper.xcdatamodel;
		};
/* End XCVersionGroup section */
	};
	rootObject = B8D288CA25B9CD1100ADEFA7 /* Project object */;
}
